
Microsoft Visual Studio Solution File, Format Version 12.00
# Visual Studio Version 17
VisualStudioVersion = 17.0.31903.59
MinimumVisualStudioVersion = 10.0.40219.1
Project("{FAE04EC0-301F-11D3-BF4B-00C04F79EFBC}") = "ShopForge.Domain", "ShopForge.Domain\ShopForge.Domain.csproj", "{ACAF638C-5DC7-40FB-A9E2-067773419153}"
EndProject
Project("{FAE04EC0-301F-11D3-BF4B-00C04F79EFBC}") = "ShopForge.Application", "ShopForge.Application\ShopForge.Application.csproj", "{2DEBFE65-EF0C-4B13-A1D9-E9EF29938075}"
EndProject
Project("{FAE04EC0-301F-11D3-BF4B-00C04F79EFBC}") = "ShopForge.Infrastructure", "ShopForge.Infrastructure\ShopForge.Infrastructure.csproj", "{2BD9868A-EFC2-4CF0-BD76-95A0645E64B8}"
EndProject
Project("{FAE04EC0-301F-11D3-BF4B-00C04F79EFBC}") = "ShopForge.Api", "ShopForge.Api\ShopForge.Api.csproj", "{B0A45B21-ED04-489D-8E19-AD8240AB7CAA}"
EndProject
Project("{2150E333-8FDC-42A3-9474-1A3956D46DE8}") = "tests", "tests", "{0AB3BF05-4346-4AA6-1389-037BE0695223}"
EndProject
Project("{FAE04EC0-301F-11D3-BF4B-00C04F79EFBC}") = "ShopForge.UnitTests", "tests\ShopForge.UnitTests\ShopForge.UnitTests.csproj", "{FA19BDDA-8CA1-4D78-B064-F55EAE2859B8}"
EndProject
Global
	GlobalSection(SolutionConfigurationPlatforms) = preSolution
		Debug|Any CPU = Debug|Any CPU
		Debug|x64 = Debug|x64
		Debug|x86 = Debug|x86
		Release|Any CPU = Release|Any CPU
		Release|x64 = Release|x64
		Release|x86 = Release|x86
	EndGlobalSection
	GlobalSection(ProjectConfigurationPlatforms) = postSolution
		{ACAF638C-5DC7-40FB-A9E2-067773419153}.Debug|Any CPU.ActiveCfg = Debug|Any CPU
		{ACAF638C-5DC7-40FB-A9E2-067773419153}.Debug|Any CPU.Build.0 = Debug|Any CPU
		{ACAF638C-5DC7-40FB-A9E2-067773419153}.Debug|x64.ActiveCfg = Debug|Any CPU
		{ACAF638C-5DC7-40FB-A9E2-067773419153}.Debug|x64.Build.0 = Debug|Any CPU
		{ACAF638C-5DC7-40FB-A9E2-067773419153}.Debug|x86.ActiveCfg = Debug|Any CPU
		{ACAF638C-5DC7-40FB-A9E2-067773419153}.Debug|x86.Build.0 = Debug|Any CPU
		{ACAF638C-5DC7-40FB-A9E2-067773419153}.Release|Any CPU.ActiveCfg = Release|Any CPU
		{ACAF638C-5DC7-40FB-A9E2-067773419153}.Release|Any CPU.Build.0 = Release|Any CPU
		{ACAF638C-5DC7-40FB-A9E2-067773419153}.Release|x64.ActiveCfg = Release|Any CPU
		{ACAF638C-5DC7-40FB-A9E2-067773419153}.Release|x64.Build.0 = Release|Any CPU
		{ACAF638C-5DC7-40FB-A9E2-067773419153}.Release|x86.ActiveCfg = Release|Any CPU
		{ACAF638C-5DC7-40FB-A9E2-067773419153}.Release|x86.Build.0 = Release|Any CPU
		{2DEBFE65-EF0C-4B13-A1D9-E9EF29938075}.Debug|Any CPU.ActiveCfg = Debug|Any CPU
		{2DEBFE65-EF0C-4B13-A1D9-E9EF29938075}.Debug|Any CPU.Build.0 = Debug|Any CPU
		{2DEBFE65-EF0C-4B13-A1D9-E9EF29938075}.Debug|x64.ActiveCfg = Debug|Any CPU
		{2DEBFE65-EF0C-4B13-A1D9-E9EF29938075}.Debug|x64.Build.0 = Debug|Any CPU
		{2DEBFE65-EF0C-4B13-A1D9-E9EF29938075}.Debug|x86.ActiveCfg = Debug|Any CPU
		{2DEBFE65-EF0C-4B13-A1D9-E9EF29938075}.Debug|x86.Build.0 = Debug|Any CPU
		{2DEBFE65-EF0C-4B13-A1D9-E9EF29938075}.Release|Any CPU.ActiveCfg = Release|Any CPU
		{2DEBFE65-EF0C-4B13-A1D9-E9EF29938075}.Release|Any CPU.Build.0 = Release|Any CPU
		{2DEBFE65-EF0C-4B13-A1D9-E9EF29938075}.Release|x64.ActiveCfg = Release|Any CPU
		{2DEBFE65-EF0C-4B13-A1D9-E9EF29938075}.Release|x64.Build.0 = Release|Any CPU
		{2DEBFE65-EF0C-4B13-A1D9-E9EF29938075}.Release|x86.ActiveCfg = Release|Any CPU
		{2DEBFE65-EF0C-4B13-A1D9-E9EF29938075}.Release|x86.Build.0 = Release|Any CPU
		{2BD9868A-EFC2-4CF0-BD76-95A0645E64B8}.Debug|Any CPU.ActiveCfg = Debug|Any CPU
		{2BD9868A-EFC2-4CF0-BD76-95A0645E64B8}.Debug|Any CPU.Build.0 = Debug|Any CPU
		{2BD9868A-EFC2-4CF0-BD76-95A0645E64B8}.Debug|x64.ActiveCfg = Debug|Any CPU
		{2BD9868A-EFC2-4CF0-BD76-95A0645E64B8}.Debug|x64.Build.0 = Debug|Any CPU
		{2BD9868A-EFC2-4CF0-BD76-95A0645E64B8}.Debug|x86.ActiveCfg = Debug|Any CPU
		{2BD9868A-EFC2-4CF0-BD76-95A0645E64B8}.Debug|x86.Build.0 = Debug|Any CPU
		{2BD9868A-EFC2-4CF0-BD76-95A0645E64B8}.Release|Any CPU.ActiveCfg = Release|Any CPU
		{2BD9868A-EFC2-4CF0-BD76-95A0645E64B8}.Release|Any CPU.Build.0 = Release|Any CPU
		{2BD9868A-EFC2-4CF0-BD76-95A0645E64B8}.Release|x64.ActiveCfg = Release|Any CPU
		{2BD9868A-EFC2-4CF0-BD76-95A0645E64B8}.Release|x64.Build.0 = Release|Any CPU
		{2BD9868A-EFC2-4CF0-BD76-95A0645E64B8}.Release|x86.ActiveCfg = Release|Any CPU
		{2BD9868A-EFC2-4CF0-BD76-95A0645E64B8}.Release|x86.Build.0 = Release|Any CPU
		{B0A45B21-ED04-489D-8E19-AD8240AB7CAA}.Debug|Any CPU.ActiveCfg = Debug|Any CPU
		{B0A45B21-ED04-489D-8E19-AD8240AB7CAA}.Debug|Any CPU.Build.0 = Debug|Any CPU
		{B0A45B21-ED04-489D-8E19-AD8240AB7CAA}.Debug|x64.ActiveCfg = Debug|Any CPU
		{B0A45B21-ED04-489D-8E19-AD8240AB7CAA}.Debug|x64.Build.0 = Debug|Any CPU
		{B0A45B21-ED04-489D-8E19-AD8240AB7CAA}.Debug|x86.ActiveCfg = Debug|Any CPU
		{B0A45B21-ED04-489D-8E19-AD8240AB7CAA}.Debug|x86.Build.0 = Debug|Any CPU
		{B0A45B21-ED04-489D-8E19-AD8240AB7CAA}.Release|Any CPU.ActiveCfg = Release|Any CPU
		{B0A45B21-ED04-489D-8E19-AD8240AB7CAA}.Release|Any CPU.Build.0 = Release|Any CPU
		{B0A45B21-ED04-489D-8E19-AD8240AB7CAA}.Release|x64.ActiveCfg = Release|Any CPU
		{B0A45B21-ED04-489D-8E19-AD8240AB7CAA}.Release|x64.Build.0 = Release|Any CPU
		{B0A45B21-ED04-489D-8E19-AD8240AB7CAA}.Release|x86.ActiveCfg = Release|Any CPU
		{B0A45B21-ED04-489D-8E19-AD8240AB7CAA}.Release|x86.Build.0 = Release|Any CPU
		{FA19BDDA-8CA1-4D78-B064-F55EAE2859B8}.Debug|Any CPU.ActiveCfg = Debug|Any CPU
		{FA19BDDA-8CA1-4D78-B064-F55EAE2859B8}.Debug|Any CPU.Build.0 = Debug|Any CPU
		{FA19BDDA-8CA1-4D78-B064-F55EAE2859B8}.Debug|x64.ActiveCfg = Debug|Any CPU
		{FA19BDDA-8CA1-4D78-B064-F55EAE2859B8}.Debug|x64.Build.0 = Debug|Any CPU
		{FA19BDDA-8CA1-4D78-B064-F55EAE2859B8}.Debug|x86.ActiveCfg = Debug|Any CPU
		{FA19BDDA-8CA1-4D78-B064-F55EAE2859B8}.Debug|x86.Build.0 = Debug|Any CPU
		{FA19BDDA-8CA1-4D78-B064-F55EAE2859B8}.Release|Any CPU.ActiveCfg = Release|Any CPU
		{FA19BDDA-8CA1-4D78-B064-F55EAE2859B8}.Release|Any CPU.Build.0 = Release|Any CPU
		{FA19BDDA-8CA1-4D78-B064-F55EAE2859B8}.Release|x64.ActiveCfg = Release|Any CPU
		{FA19BDDA-8CA1-4D78-B064-F55EAE2859B8}.Release|x64.Build.0 = Release|Any CPU
		{FA19BDDA-8CA1-4D78-B064-F55EAE2859B8}.Release|x86.ActiveCfg = Release|Any CPU
		{FA19BDDA-8CA1-4D78-B064-F55EAE2859B8}.Release|x86.Build.0 = Release|Any CPU
	EndGlobalSection
	GlobalSection(SolutionProperties) = preSolution
		HideSolutionNode = FALSE
	EndGlobalSection
	GlobalSection(NestedProjects) = preSolution
		{FA19BDDA-8CA1-4D78-B064-F55EAE2859B8} = {0AB3BF05-4346-4AA6-1389-037BE0695223}
	EndGlobalSection
EndGlobal
